// !$*UTF8*$!
{
	archiveVersion = 1;
	classes = {
	};
	objectVersion = 48;
	objects = {

/* Begin PBXBuildFile section */
		490ECA3922979A33008442E4 /* FspInputMsgTextView.swift in Sources */ = {isa = PBXBuildFile; fileRef = 490ECA3822979A33008442E4 /* FspInputMsgTextView.swift */; };
		490ECA4E2297A524008442E4 /* FspEmojiTextAttachment.m in Sources */ = {isa = PBXBuildFile; fileRef = 490ECA4D2297A524008442E4 /* FspEmojiTextAttachment.m */; };
		490ECA512297A52C008442E4 /* NSMutableAttributedString+FspImageAttributeStr.m in Sources */ = {isa = PBXBuildFile; fileRef = 490ECA502297A52C008442E4 /* NSMutableAttributedString+FspImageAttributeStr.m */; };
		491ABD04229B7C82002F440B /* FspInputTextField.swift in Sources */ = {isa = PBXBuildFile; fileRef = 491ABD03229B7C82002F440B /* FspInputTextField.swift */; };
		491D548922714A40000A7348 /* FspTextField.m in Sources */ = {isa = PBXBuildFile; fileRef = 491D548322714A40000A7348 /* FspTextField.m */; };
		491D548A22714A40000A7348 /* FspStateButton.m in Sources */ = {isa = PBXBuildFile; fileRef = 491D548422714A40000A7348 /* FspStateButton.m */; };
		491D548B22714A40000A7348 /* GRProgressIndicator.m in Sources */ = {isa = PBXBuildFile; fileRef = 491D548722714A40000A7348 /* GRProgressIndicator.m */; };
		491D54DE22714A5A000A7348 /* aes.cpp in Sources */ = {isa = PBXBuildFile; fileRef = 491D549122714A5A000A7348 /* aes.cpp */; };
		491D54DF22714A5A000A7348 /* FspTokenFile.mm in Sources */ = {isa = PBXBuildFile; fileRef = 491D549422714A5A000A7348 /* FspTokenFile.mm */; };
		491D54E122714A5A000A7348 /* FspWindowVC.swift in Sources */ = {isa = PBXBuildFile; fileRef = 491D549622714A5A000A7348 /* FspWindowVC.swift */; };
		491D54E222714A5A000A7348 /* FspToolAlert.swift in Sources */ = {isa = PBXBuildFile; fileRef = 491D549722714A5A000A7348 /* FspToolAlert.swift */; };
		491D54E322714A5A000A7348 /* FspCallingWindow.swift in Sources */ = {isa = PBXBuildFile; fileRef = 491D549B22714A5A000A7348 /* FspCallingWindow.swift */; };
		491D54E422714A5A000A7348 /* FspCallingWindow.xib in Resources */ = {isa = PBXBuildFile; fileRef = 491D549C22714A5A000A7348 /* FspCallingWindow.xib */; };
		491D54E522714A5A000A7348 /* FspCallBtnCell.swift in Sources */ = {isa = PBXBuildFile; fileRef = 491D549D22714A5A000A7348 /* FspCallBtnCell.swift */; };
		491D54E622714A5A000A7348 /* FspSettingWindowController.xib in Resources */ = {isa = PBXBuildFile; fileRef = 491D549F22714A5A000A7348 /* FspSettingWindowController.xib */; };
		491D54E722714A5A000A7348 /* FspSettingWindowController.swift in Sources */ = {isa = PBXBuildFile; fileRef = 491D54A022714A5A000A7348 /* FspSettingWindowController.swift */; };
		491D54E822714A5A000A7348 /* Assets.xcassets in Resources */ = {isa = PBXBuildFile; fileRef = 491D54A122714A5A000A7348 /* Assets.xcassets */; };
		491D54E922714A5A000A7348 /* FspManager.swift in Sources */ = {isa = PBXBuildFile; fileRef = 491D54A322714A5A000A7348 /* FspManager.swift */; };
		491D54F022714A5A000A7348 /* FspCollectionViewCell.xib in Resources */ = {isa = PBXBuildFile; fileRef = 491D54B322714A5A000A7348 /* FspCollectionViewCell.xib */; };
		491D54F122714A5A000A7348 /* FspMeetingMsgViewCell.swift in Sources */ = {isa = PBXBuildFile; fileRef = 491D54B422714A5A000A7348 /* FspMeetingMsgViewCell.swift */; };
		491D54F222714A5A000A7348 /* FspMeetingBtn.swift in Sources */ = {isa = PBXBuildFile; fileRef = 491D54B522714A5A000A7348 /* FspMeetingBtn.swift */; };
		491D54F322714A5A000A7348 /* FspCollectionViewCell.swift in Sources */ = {isa = PBXBuildFile; fileRef = 491D54B622714A5A000A7348 /* FspCollectionViewCell.swift */; };
		491D54F422714A5A000A7348 /* FspMeetingVC.xib in Resources */ = {isa = PBXBuildFile; fileRef = 491D54B722714A5A000A7348 /* FspMeetingVC.xib */; };
		491D54F522714A5A000A7348 /* FspMeetingVC.swift in Sources */ = {isa = PBXBuildFile; fileRef = 491D54B822714A5A000A7348 /* FspMeetingVC.swift */; };
		491D54F622714A5A000A7348 /* FspMeetingMsgViewCell.xib in Resources */ = {isa = PBXBuildFile; fileRef = 491D54B922714A5A000A7348 /* FspMeetingMsgViewCell.xib */; };
		491D54F722714A5A000A7348 /* FspMeetingListControlCell.xib in Resources */ = {isa = PBXBuildFile; fileRef = 491D54BB22714A5A000A7348 /* FspMeetingListControlCell.xib */; };
		491D54F822714A5A000A7348 /* FspMeetingControlBtn.swift in Sources */ = {isa = PBXBuildFile; fileRef = 491D54BC22714A5A000A7348 /* FspMeetingControlBtn.swift */; };
		491D54F922714A5A000A7348 /* FspMeetingListControlCell.swift in Sources */ = {isa = PBXBuildFile; fileRef = 491D54BD22714A5A000A7348 /* FspMeetingListControlCell.swift */; };
		491D54FD22714A5A000A7348 /* FspOnlineModel.swift in Sources */ = {isa = PBXBuildFile; fileRef = 491D54CE22714A5A000A7348 /* FspOnlineModel.swift */; };
		491D54FF22714A5A000A7348 /* FspSettingsWindow.swift in Sources */ = {isa = PBXBuildFile; fileRef = 491D54D122714A5A000A7348 /* FspSettingsWindow.swift */; };
		491D550022714A5A000A7348 /* FspSettingsWindow.xib in Resources */ = {isa = PBXBuildFile; fileRef = 491D54D222714A5A000A7348 /* FspSettingsWindow.xib */; };
		491D550122714A5A000A7348 /* AppDelegate.swift in Sources */ = {isa = PBXBuildFile; fileRef = 491D54D322714A5A000A7348 /* AppDelegate.swift */; };
		491D550222714A5A000A7348 /* FspOnlineWindow.xib in Resources */ = {isa = PBXBuildFile; fileRef = 491D54D522714A5A000A7348 /* FspOnlineWindow.xib */; };
		491D550322714A5A000A7348 /* FspRowView.swift in Sources */ = {isa = PBXBuildFile; fileRef = 491D54D622714A5A000A7348 /* FspRowView.swift */; };
		491D550422714A5A000A7348 /* FspOnlineWindow.swift in Sources */ = {isa = PBXBuildFile; fileRef = 491D54D722714A5A000A7348 /* FspOnlineWindow.swift */; };
		491D550522714A5A000A7348 /* onlineListTableCell.swift in Sources */ = {isa = PBXBuildFile; fileRef = 491D54D822714A5A000A7348 /* onlineListTableCell.swift */; };
		491D550622714A5A000A7348 /* onlineListTableCell.xib in Resources */ = {isa = PBXBuildFile; fileRef = 491D54D922714A5A000A7348 /* onlineListTableCell.xib */; };
		491D550722714A5A000A7348 /* FspLoginWindow.xib in Resources */ = {isa = PBXBuildFile; fileRef = 491D54DB22714A5A000A7348 /* FspLoginWindow.xib */; };
		491D550822714A5A000A7348 /* FspLoginWindow.swift in Sources */ = {isa = PBXBuildFile; fileRef = 491D54DC22714A5A000A7348 /* FspLoginWindow.swift */; };
		491D551122714B58000A7348 /* checkbox_sel.png in Resources */ = {isa = PBXBuildFile; fileRef = 491D550B22714B58000A7348 /* checkbox_sel.png */; };
		491D551222714B58000A7348 /* MainMenu.xib in Resources */ = {isa = PBXBuildFile; fileRef = 491D550D22714B58000A7348 /* MainMenu.xib */; };
		491D551322714B58000A7348 /* checkbox.png in Resources */ = {isa = PBXBuildFile; fileRef = 491D550F22714B58000A7348 /* checkbox.png */; };
		491D5520227152A5000A7348 /* FMLoading.m in Sources */ = {isa = PBXBuildFile; fileRef = 491D551E227152A4000A7348 /* FMLoading.m */; };
		4953BA5422F96F9C0013AE85 /* ReactiveObjC.framework in Frameworks */ = {isa = PBXBuildFile; fileRef = 4953BA5322F96F9C0013AE85 /* ReactiveObjC.framework */; };
		4953BA5722F970920013AE85 /* ReactiveObjC.framework in Frameworks */ = {isa = PBXBuildFile; fileRef = 4953BA5322F96F9C0013AE85 /* ReactiveObjC.framework */; };
		4953BA5822F970920013AE85 /* ReactiveObjC.framework in CopyFiles */ = {isa = PBXBuildFile; fileRef = 4953BA5322F96F9C0013AE85 /* ReactiveObjC.framework */; settings = {ATTRIBUTES = (CodeSignOnCopy, RemoveHeadersOnCopy, ); }; };
		4955B61B227E85340027D926 /* ISSoundAdditions.m in Sources */ = {isa = PBXBuildFile; fileRef = 4955B61A227E85340027D926 /* ISSoundAdditions.m */; };
		49684E67228119C0001B8F15 /* FspMsgModel.swift in Sources */ = {isa = PBXBuildFile; fileRef = 49684E66228119C0001B8F15 /* FspMsgModel.swift */; };
		49684ED22283F966001B8F15 /* FspTextView.m in Sources */ = {isa = PBXBuildFile; fileRef = 49684ED02283F966001B8F15 /* FspTextView.m */; };
		49AA364C22FC1BA30014C42B /* FspAttendeeModel.swift in Sources */ = {isa = PBXBuildFile; fileRef = 49AA364B22FC1BA30014C42B /* FspAttendeeModel.swift */; };
		847D597D2085D43F00C47074 /* CoreMedia.framework in Frameworks */ = {isa = PBXBuildFile; fileRef = 847D597C2085D43500C47074 /* CoreMedia.framework */; };
		847D59832085D46700C47074 /* libiconv.tbd in Frameworks */ = {isa = PBXBuildFile; fileRef = 847D59822085D46700C47074 /* libiconv.tbd */; };
		847D59852085D46C00C47074 /* libstdc++.tbd in Frameworks */ = {isa = PBXBuildFile; fileRef = 847D59842085D46C00C47074 /* libstdc++.tbd */; };
		847D59872085D47500C47074 /* AudioToolbox.framework in Frameworks */ = {isa = PBXBuildFile; fileRef = 847D59802085D45B00C47074 /* AudioToolbox.framework */; };
		847D59882085D47F00C47074 /* VideoToolbox.framework in Frameworks */ = {isa = PBXBuildFile; fileRef = 847D597E2085D44900C47074 /* VideoToolbox.framework */; };
		847D59892085D50200C47074 /* CoreAudio.framework in Frameworks */ = {isa = PBXBuildFile; fileRef = 847D597F2085D45100C47074 /* CoreAudio.framework */; };
		84C733342304271900E5D7D2 /* FspKit.framework in Frameworks */ = {isa = PBXBuildFile; fileRef = 84C733332304271900E5D7D2 /* FspKit.framework */; };
		84C733352304272700E5D7D2 /* FspKit.framework in Frameworks */ = {isa = PBXBuildFile; fileRef = 84C733332304271900E5D7D2 /* FspKit.framework */; };
		84C733362304272700E5D7D2 /* FspKit.framework in CopyFiles */ = {isa = PBXBuildFile; fileRef = 84C733332304271900E5D7D2 /* FspKit.framework */; settings = {ATTRIBUTES = (CodeSignOnCopy, RemoveHeadersOnCopy, ); }; };
		84F2AD3320CA9C9000413058 /* MeetingDemo.app in CopyFiles */ = {isa = PBXBuildFile; fileRef = 847D59622085D29500C47074 /* MeetingDemo.app */; settings = {ATTRIBUTES = (RemoveHeadersOnCopy, ); }; };
		84FD677320AC2FDE00548D04 /* VideoDecodeAcceleration.framework in Frameworks */ = {isa = PBXBuildFile; fileRef = 84FD677220AC2FD600548D04 /* VideoDecodeAcceleration.framework */; };
		84FD677520AC2FE700548D04 /* libz.1.2.8.tbd in Frameworks */ = {isa = PBXBuildFile; fileRef = 84FD677420AC2FE700548D04 /* libz.1.2.8.tbd */; };
/* End PBXBuildFile section */

/* Begin PBXCopyFilesBuildPhase section */
		84D7C1872216923300E4C06B /* CopyFiles */ = {
			isa = PBXCopyFilesBuildPhase;
			buildActionMask = 2147483647;
			dstPath = "";
			dstSubfolderSpec = 10;
			files = (
				4953BA5822F970920013AE85 /* ReactiveObjC.framework in CopyFiles */,
				84C733362304272700E5D7D2 /* FspKit.framework in CopyFiles */,
			);
			runOnlyForDeploymentPostprocessing = 0;
		};
		84F2AD3220CA9C8200413058 /* CopyFiles */ = {
			isa = PBXCopyFilesBuildPhase;
			buildActionMask = 12;
			dstPath = "${PROJECT_DIR}../../../output/demos/mac";
			dstSubfolderSpec = 0;
			files = (
				84F2AD3320CA9C9000413058 /* MeetingDemo.app in CopyFiles */,
			);
			runOnlyForDeploymentPostprocessing = 0;
		};
/* End PBXCopyFilesBuildPhase section */

/* Begin PBXFileReference section */
		490ECA3822979A33008442E4 /* FspInputMsgTextView.swift */ = {isa = PBXFileReference; lastKnownFileType = sourcecode.swift; path = FspInputMsgTextView.swift; sourceTree = "<group>"; };
		490ECA4C2297A524008442E4 /* FspEmojiTextAttachment.h */ = {isa = PBXFileReference; fileEncoding = 4; lastKnownFileType = sourcecode.c.h; path = FspEmojiTextAttachment.h; sourceTree = "<group>"; };
		490ECA4D2297A524008442E4 /* FspEmojiTextAttachment.m */ = {isa = PBXFileReference; fileEncoding = 4; lastKnownFileType = sourcecode.c.objc; path = FspEmojiTextAttachment.m; sourceTree = "<group>"; };
		490ECA4F2297A52C008442E4 /* NSMutableAttributedString+FspImageAttributeStr.h */ = {isa = PBXFileReference; fileEncoding = 4; lastKnownFileType = sourcecode.c.h; path = "NSMutableAttributedString+FspImageAttributeStr.h"; sourceTree = "<group>"; };
		490ECA502297A52C008442E4 /* NSMutableAttributedString+FspImageAttributeStr.m */ = {isa = PBXFileReference; fileEncoding = 4; lastKnownFileType = sourcecode.c.objc; path = "NSMutableAttributedString+FspImageAttributeStr.m"; sourceTree = "<group>"; };
		491ABD03229B7C82002F440B /* FspInputTextField.swift */ = {isa = PBXFileReference; lastKnownFileType = sourcecode.swift; path = FspInputTextField.swift; sourceTree = "<group>"; };
		491D548222714A40000A7348 /* GRProgressIndicator.h */ = {isa = PBXFileReference; fileEncoding = 4; lastKnownFileType = sourcecode.c.h; path = GRProgressIndicator.h; sourceTree = "<group>"; };
		491D548322714A40000A7348 /* FspTextField.m */ = {isa = PBXFileReference; fileEncoding = 4; lastKnownFileType = sourcecode.c.objc; path = FspTextField.m; sourceTree = "<group>"; };
		491D548422714A40000A7348 /* FspStateButton.m */ = {isa = PBXFileReference; fileEncoding = 4; lastKnownFileType = sourcecode.c.objc; path = FspStateButton.m; sourceTree = "<group>"; };
		491D548522714A40000A7348 /* GRProgressIndicatorThemes.h */ = {isa = PBXFileReference; fileEncoding = 4; lastKnownFileType = sourcecode.c.h; path = GRProgressIndicatorThemes.h; sourceTree = "<group>"; };
		491D548622714A40000A7348 /* FspTextField.h */ = {isa = PBXFileReference; fileEncoding = 4; lastKnownFileType = sourcecode.c.h; path = FspTextField.h; sourceTree = "<group>"; };
		491D548722714A40000A7348 /* GRProgressIndicator.m */ = {isa = PBXFileReference; fileEncoding = 4; lastKnownFileType = sourcecode.c.objc; path = GRProgressIndicator.m; sourceTree = "<group>"; };
		491D548822714A40000A7348 /* FspStateButton.h */ = {isa = PBXFileReference; fileEncoding = 4; lastKnownFileType = sourcecode.c.h; path = FspStateButton.h; sourceTree = "<group>"; };
		491D548E22714A5A000A7348 /* fsp_tools.h */ = {isa = PBXFileReference; fileEncoding = 4; lastKnownFileType = sourcecode.c.h; path = fsp_tools.h; sourceTree = "<group>"; };
		491D548F22714A5A000A7348 /* fsp_token.h */ = {isa = PBXFileReference; fileEncoding = 4; lastKnownFileType = sourcecode.c.h; path = fsp_token.h; sourceTree = "<group>"; };
		491D549022714A5A000A7348 /* aes.h */ = {isa = PBXFileReference; fileEncoding = 4; lastKnownFileType = sourcecode.c.h; path = aes.h; sourceTree = "<group>"; };
		491D549122714A5A000A7348 /* aes.cpp */ = {isa = PBXFileReference; fileEncoding = 4; lastKnownFileType = sourcecode.cpp.cpp; path = aes.cpp; sourceTree = "<group>"; };
		491D549422714A5A000A7348 /* FspTokenFile.mm */ = {isa = PBXFileReference; fileEncoding = 4; lastKnownFileType = sourcecode.cpp.objcpp; path = FspTokenFile.mm; sourceTree = "<group>"; };
		491D549622714A5A000A7348 /* FspWindowVC.swift */ = {isa = PBXFileReference; fileEncoding = 4; lastKnownFileType = sourcecode.swift; path = FspWindowVC.swift; sourceTree = "<group>"; };
		491D549722714A5A000A7348 /* FspToolAlert.swift */ = {isa = PBXFileReference; fileEncoding = 4; lastKnownFileType = sourcecode.swift; path = FspToolAlert.swift; sourceTree = "<group>"; };
		491D549922714A5A000A7348 /* FspTokenFile.h */ = {isa = PBXFileReference; fileEncoding = 4; lastKnownFileType = sourcecode.c.h; path = FspTokenFile.h; sourceTree = "<group>"; };
		491D549B22714A5A000A7348 /* FspCallingWindow.swift */ = {isa = PBXFileReference; fileEncoding = 4; lastKnownFileType = sourcecode.swift; path = FspCallingWindow.swift; sourceTree = "<group>"; };
		491D549C22714A5A000A7348 /* FspCallingWindow.xib */ = {isa = PBXFileReference; fileEncoding = 4; lastKnownFileType = file.xib; path = FspCallingWindow.xib; sourceTree = "<group>"; };
		491D549D22714A5A000A7348 /* FspCallBtnCell.swift */ = {isa = PBXFileReference; fileEncoding = 4; lastKnownFileType = sourcecode.swift; path = FspCallBtnCell.swift; sourceTree = "<group>"; };
		491D549F22714A5A000A7348 /* FspSettingWindowController.xib */ = {isa = PBXFileReference; fileEncoding = 4; lastKnownFileType = file.xib; path = FspSettingWindowController.xib; sourceTree = "<group>"; };
		491D54A022714A5A000A7348 /* FspSettingWindowController.swift */ = {isa = PBXFileReference; fileEncoding = 4; lastKnownFileType = sourcecode.swift; path = FspSettingWindowController.swift; sourceTree = "<group>"; };
		491D54A122714A5A000A7348 /* Assets.xcassets */ = {isa = PBXFileReference; lastKnownFileType = folder.assetcatalog; path = Assets.xcassets; sourceTree = "<group>"; };
		491D54A222714A5A000A7348 /* MeetingDemo-Bridging-Header.h */ = {isa = PBXFileReference; fileEncoding = 4; lastKnownFileType = sourcecode.c.h; path = "MeetingDemo-Bridging-Header.h"; sourceTree = "<group>"; };
		491D54A322714A5A000A7348 /* FspManager.swift */ = {isa = PBXFileReference; fileEncoding = 4; lastKnownFileType = sourcecode.swift; path = FspManager.swift; sourceTree = "<group>"; };
		491D54B322714A5A000A7348 /* FspCollectionViewCell.xib */ = {isa = PBXFileReference; fileEncoding = 4; lastKnownFileType = file.xib; path = FspCollectionViewCell.xib; sourceTree = "<group>"; };
		491D54B422714A5A000A7348 /* FspMeetingMsgViewCell.swift */ = {isa = PBXFileReference; fileEncoding = 4; lastKnownFileType = sourcecode.swift; path = FspMeetingMsgViewCell.swift; sourceTree = "<group>"; };
		491D54B522714A5A000A7348 /* FspMeetingBtn.swift */ = {isa = PBXFileReference; fileEncoding = 4; lastKnownFileType = sourcecode.swift; path = FspMeetingBtn.swift; sourceTree = "<group>"; };
		491D54B622714A5A000A7348 /* FspCollectionViewCell.swift */ = {isa = PBXFileReference; fileEncoding = 4; lastKnownFileType = sourcecode.swift; path = FspCollectionViewCell.swift; sourceTree = "<group>"; };
		491D54B722714A5A000A7348 /* FspMeetingVC.xib */ = {isa = PBXFileReference; fileEncoding = 4; lastKnownFileType = file.xib; path = FspMeetingVC.xib; sourceTree = "<group>"; };
		491D54B822714A5A000A7348 /* FspMeetingVC.swift */ = {isa = PBXFileReference; fileEncoding = 4; lastKnownFileType = sourcecode.swift; path = FspMeetingVC.swift; sourceTree = "<group>"; };
		491D54B922714A5A000A7348 /* FspMeetingMsgViewCell.xib */ = {isa = PBXFileReference; fileEncoding = 4; lastKnownFileType = file.xib; path = FspMeetingMsgViewCell.xib; sourceTree = "<group>"; };
		491D54BB22714A5A000A7348 /* FspMeetingListControlCell.xib */ = {isa = PBXFileReference; fileEncoding = 4; lastKnownFileType = file.xib; path = FspMeetingListControlCell.xib; sourceTree = "<group>"; };
		491D54BC22714A5A000A7348 /* FspMeetingControlBtn.swift */ = {isa = PBXFileReference; fileEncoding = 4; lastKnownFileType = sourcecode.swift; path = FspMeetingControlBtn.swift; sourceTree = "<group>"; };
		491D54BD22714A5A000A7348 /* FspMeetingListControlCell.swift */ = {isa = PBXFileReference; fileEncoding = 4; lastKnownFileType = sourcecode.swift; path = FspMeetingListControlCell.swift; sourceTree = "<group>"; };
		491D54CE22714A5A000A7348 /* FspOnlineModel.swift */ = {isa = PBXFileReference; fileEncoding = 4; lastKnownFileType = sourcecode.swift; path = FspOnlineModel.swift; sourceTree = "<group>"; };
		491D54D122714A5A000A7348 /* FspSettingsWindow.swift */ = {isa = PBXFileReference; fileEncoding = 4; lastKnownFileType = sourcecode.swift; path = FspSettingsWindow.swift; sourceTree = "<group>"; };
		491D54D222714A5A000A7348 /* FspSettingsWindow.xib */ = {isa = PBXFileReference; fileEncoding = 4; lastKnownFileType = file.xib; path = FspSettingsWindow.xib; sourceTree = "<group>"; };
		491D54D322714A5A000A7348 /* AppDelegate.swift */ = {isa = PBXFileReference; fileEncoding = 4; lastKnownFileType = sourcecode.swift; path = AppDelegate.swift; sourceTree = "<group>"; };
		491D54D522714A5A000A7348 /* FspOnlineWindow.xib */ = {isa = PBXFileReference; fileEncoding = 4; lastKnownFileType = file.xib; path = FspOnlineWindow.xib; sourceTree = "<group>"; };
		491D54D622714A5A000A7348 /* FspRowView.swift */ = {isa = PBXFileReference; fileEncoding = 4; lastKnownFileType = sourcecode.swift; path = FspRowView.swift; sourceTree = "<group>"; };
		491D54D722714A5A000A7348 /* FspOnlineWindow.swift */ = {isa = PBXFileReference; fileEncoding = 4; lastKnownFileType = sourcecode.swift; path = FspOnlineWindow.swift; sourceTree = "<group>"; };
		491D54D822714A5A000A7348 /* onlineListTableCell.swift */ = {isa = PBXFileReference; fileEncoding = 4; lastKnownFileType = sourcecode.swift; path = onlineListTableCell.swift; sourceTree = "<group>"; };
		491D54D922714A5A000A7348 /* onlineListTableCell.xib */ = {isa = PBXFileReference; fileEncoding = 4; lastKnownFileType = file.xib; path = onlineListTableCell.xib; sourceTree = "<group>"; };
		491D54DB22714A5A000A7348 /* FspLoginWindow.xib */ = {isa = PBXFileReference; fileEncoding = 4; lastKnownFileType = file.xib; path = FspLoginWindow.xib; sourceTree = "<group>"; };
		491D54DC22714A5A000A7348 /* FspLoginWindow.swift */ = {isa = PBXFileReference; fileEncoding = 4; lastKnownFileType = sourcecode.swift; path = FspLoginWindow.swift; sourceTree = "<group>"; };
		491D550C22714B58000A7348 /* Base */ = {isa = PBXFileReference; lastKnownFileType = image.png; name = Base; path = checkbox_sel.png; sourceTree = "<group>"; };
		491D550E22714B58000A7348 /* Base */ = {isa = PBXFileReference; lastKnownFileType = file.xib; name = Base; path = MainMenu.xib; sourceTree = "<group>"; };
		491D551022714B58000A7348 /* Base */ = {isa = PBXFileReference; lastKnownFileType = image.png; name = Base; path = checkbox.png; sourceTree = "<group>"; };
		491D551E227152A4000A7348 /* FMLoading.m */ = {isa = PBXFileReference; fileEncoding = 4; lastKnownFileType = sourcecode.c.objc; path = FMLoading.m; sourceTree = "<group>"; };
		491D551F227152A4000A7348 /* FMLoading.h */ = {isa = PBXFileReference; fileEncoding = 4; lastKnownFileType = sourcecode.c.h; path = FMLoading.h; sourceTree = "<group>"; };
		4953BA5322F96F9C0013AE85 /* ReactiveObjC.framework */ = {isa = PBXFileReference; lastKnownFileType = wrapper.framework; name = ReactiveObjC.framework; path = MeetingDemo/Carthage/Build/Mac/ReactiveObjC.framework; sourceTree = "<group>"; };
		4955B619227E85340027D926 /* ISSoundAdditions.h */ = {isa = PBXFileReference; fileEncoding = 4; lastKnownFileType = sourcecode.c.h; path = ISSoundAdditions.h; sourceTree = "<group>"; };
		4955B61A227E85340027D926 /* ISSoundAdditions.m */ = {isa = PBXFileReference; fileEncoding = 4; lastKnownFileType = sourcecode.c.objc; path = ISSoundAdditions.m; sourceTree = "<group>"; };
		49684E66228119C0001B8F15 /* FspMsgModel.swift */ = {isa = PBXFileReference; lastKnownFileType = sourcecode.swift; path = FspMsgModel.swift; sourceTree = "<group>"; };
		49684ED02283F966001B8F15 /* FspTextView.m */ = {isa = PBXFileReference; fileEncoding = 4; lastKnownFileType = sourcecode.c.objc; path = FspTextView.m; sourceTree = "<group>"; };
		49684ED12283F966001B8F15 /* FspTextView.h */ = {isa = PBXFileReference; fileEncoding = 4; lastKnownFileType = sourcecode.c.h; path = FspTextView.h; sourceTree = "<group>"; };
		49AA364B22FC1BA30014C42B /* FspAttendeeModel.swift */ = {isa = PBXFileReference; fileEncoding = 4; lastKnownFileType = sourcecode.swift; path = FspAttendeeModel.swift; sourceTree = "<group>"; };
		847D59622085D29500C47074 /* MeetingDemo.app */ = {isa = PBXFileReference; explicitFileType = wrapper.application; includeInIndex = 0; path = MeetingDemo.app; sourceTree = BUILT_PRODUCTS_DIR; };
		847D597C2085D43500C47074 /* CoreMedia.framework */ = {isa = PBXFileReference; lastKnownFileType = wrapper.framework; name = CoreMedia.framework; path = System/Library/Frameworks/CoreMedia.framework; sourceTree = SDKROOT; };
		847D597E2085D44900C47074 /* VideoToolbox.framework */ = {isa = PBXFileReference; lastKnownFileType = wrapper.framework; name = VideoToolbox.framework; path = System/Library/Frameworks/VideoToolbox.framework; sourceTree = SDKROOT; };
		847D597F2085D45100C47074 /* CoreAudio.framework */ = {isa = PBXFileReference; lastKnownFileType = wrapper.framework; name = CoreAudio.framework; path = System/Library/Frameworks/CoreAudio.framework; sourceTree = SDKROOT; };
		847D59802085D45B00C47074 /* AudioToolbox.framework */ = {isa = PBXFileReference; lastKnownFileType = wrapper.framework; name = AudioToolbox.framework; path = System/Library/Frameworks/AudioToolbox.framework; sourceTree = SDKROOT; };
		847D59812085D46000C47074 /* AVFoundation.framework */ = {isa = PBXFileReference; lastKnownFileType = wrapper.framework; name = AVFoundation.framework; path = System/Library/Frameworks/AVFoundation.framework; sourceTree = SDKROOT; };
		847D59822085D46700C47074 /* libiconv.tbd */ = {isa = PBXFileReference; lastKnownFileType = "sourcecode.text-based-dylib-definition"; name = libiconv.tbd; path = usr/lib/libiconv.tbd; sourceTree = SDKROOT; };
		847D59842085D46C00C47074 /* libstdc++.tbd */ = {isa = PBXFileReference; lastKnownFileType = "sourcecode.text-based-dylib-definition"; name = "libstdc++.tbd"; path = "usr/lib/libstdc++.tbd"; sourceTree = SDKROOT; };
		84C733332304271900E5D7D2 /* FspKit.framework */ = {isa = PBXFileReference; lastKnownFileType = wrapper.framework; path = FspKit.framework; sourceTree = "<group>"; };
		84FD677220AC2FD600548D04 /* VideoDecodeAcceleration.framework */ = {isa = PBXFileReference; lastKnownFileType = wrapper.framework; name = VideoDecodeAcceleration.framework; path = System/Library/Frameworks/VideoDecodeAcceleration.framework; sourceTree = SDKROOT; };
		84FD677420AC2FE700548D04 /* libz.1.2.8.tbd */ = {isa = PBXFileReference; lastKnownFileType = "sourcecode.text-based-dylib-definition"; name = libz.1.2.8.tbd; path = usr/lib/libz.1.2.8.tbd; sourceTree = SDKROOT; };
/* End PBXFileReference section */

/* Begin PBXFrameworksBuildPhase section */
		847D595F2085D29500C47074 /* Frameworks */ = {
			isa = PBXFrameworksBuildPhase;
			buildActionMask = 2147483647;
			files = (
				84C733342304271900E5D7D2 /* FspKit.framework in Frameworks */,
				4953BA5722F970920013AE85 /* ReactiveObjC.framework in Frameworks */,
				84FD677320AC2FDE00548D04 /* VideoDecodeAcceleration.framework in Frameworks */,
				847D59852085D46C00C47074 /* libstdc++.tbd in Frameworks */,
				84FD677520AC2FE700548D04 /* libz.1.2.8.tbd in Frameworks */,
				84C733352304272700E5D7D2 /* FspKit.framework in Frameworks */,
				847D59832085D46700C47074 /* libiconv.tbd in Frameworks */,
				847D59872085D47500C47074 /* AudioToolbox.framework in Frameworks */,
				847D59892085D50200C47074 /* CoreAudio.framework in Frameworks */,
				4953BA5422F96F9C0013AE85 /* ReactiveObjC.framework in Frameworks */,
				847D59882085D47F00C47074 /* VideoToolbox.framework in Frameworks */,
				847D597D2085D43F00C47074 /* CoreMedia.framework in Frameworks */,
			);
			runOnlyForDeploymentPostprocessing = 0;
		};
/* End PBXFrameworksBuildPhase section */

/* Begin PBXGroup section */
		491D548122714A40000A7348 /* UIWidgets */ = {
			isa = PBXGroup;
			children = (
				491D551F227152A4000A7348 /* FMLoading.h */,
				491D551E227152A4000A7348 /* FMLoading.m */,
				491D548222714A40000A7348 /* GRProgressIndicator.h */,
				491D548322714A40000A7348 /* FspTextField.m */,
				491D548422714A40000A7348 /* FspStateButton.m */,
				491D548522714A40000A7348 /* GRProgressIndicatorThemes.h */,
				491D548622714A40000A7348 /* FspTextField.h */,
				491D548722714A40000A7348 /* GRProgressIndicator.m */,
				491D548822714A40000A7348 /* FspStateButton.h */,
			);
			path = UIWidgets;
			sourceTree = "<group>";
		};
		491D548C22714A5A000A7348 /* MeetingDemo */ = {
			isa = PBXGroup;
			children = (
				491D548122714A40000A7348 /* UIWidgets */,
				491D549A22714A5A000A7348 /* callView */,
				491D548D22714A5A000A7348 /* Token */,
				491D549322714A5A000A7348 /* tools */,
				491D54D422714A5A000A7348 /* online */,
				491D54CD22714A5A000A7348 /* model */,
				491D549E22714A5A000A7348 /* meetingSetting */,
				491D54B222714A5A000A7348 /* Meeting */,
				491D54D022714A5A000A7348 /* loginsetting */,
				491D54DA22714A5A000A7348 /* login */,
				491D54D322714A5A000A7348 /* AppDelegate.swift */,
				491D54A322714A5A000A7348 /* FspManager.swift */,
				491D550A22714B58000A7348 /* Base.lproj */,
				491D54A122714A5A000A7348 /* Assets.xcassets */,
				491D54A222714A5A000A7348 /* MeetingDemo-Bridging-Header.h */,
			);
			path = MeetingDemo;
			sourceTree = "<group>";
		};
		491D548D22714A5A000A7348 /* Token */ = {
			isa = PBXGroup;
			children = (
				491D548E22714A5A000A7348 /* fsp_tools.h */,
				491D548F22714A5A000A7348 /* fsp_token.h */,
				491D549022714A5A000A7348 /* aes.h */,
				491D549122714A5A000A7348 /* aes.cpp */,
			);
			path = Token;
			sourceTree = "<group>";
		};
		491D549322714A5A000A7348 /* tools */ = {
			isa = PBXGroup;
			children = (
				491D549922714A5A000A7348 /* FspTokenFile.h */,
				491D549422714A5A000A7348 /* FspTokenFile.mm */,
				491D549622714A5A000A7348 /* FspWindowVC.swift */,
				491D549722714A5A000A7348 /* FspToolAlert.swift */,
				49684ED12283F966001B8F15 /* FspTextView.h */,
				49684ED02283F966001B8F15 /* FspTextView.m */,
				490ECA3822979A33008442E4 /* FspInputMsgTextView.swift */,
				490ECA4F2297A52C008442E4 /* NSMutableAttributedString+FspImageAttributeStr.h */,
				490ECA502297A52C008442E4 /* NSMutableAttributedString+FspImageAttributeStr.m */,
				490ECA4C2297A524008442E4 /* FspEmojiTextAttachment.h */,
				490ECA4D2297A524008442E4 /* FspEmojiTextAttachment.m */,
			);
			path = tools;
			sourceTree = "<group>";
		};
		491D549A22714A5A000A7348 /* callView */ = {
			isa = PBXGroup;
			children = (
				491D549B22714A5A000A7348 /* FspCallingWindow.swift */,
				491D549C22714A5A000A7348 /* FspCallingWindow.xib */,
				491D549D22714A5A000A7348 /* FspCallBtnCell.swift */,
			);
			path = callView;
			sourceTree = "<group>";
		};
		491D549E22714A5A000A7348 /* meetingSetting */ = {
			isa = PBXGroup;
			children = (
				491D549F22714A5A000A7348 /* FspSettingWindowController.xib */,
				491D54A022714A5A000A7348 /* FspSettingWindowController.swift */,
				4955B619227E85340027D926 /* ISSoundAdditions.h */,
				4955B61A227E85340027D926 /* ISSoundAdditions.m */,
			);
			path = meetingSetting;
			sourceTree = "<group>";
		};
		491D54B222714A5A000A7348 /* Meeting */ = {
			isa = PBXGroup;
			children = (
				491D54B322714A5A000A7348 /* FspCollectionViewCell.xib */,
				491D54B422714A5A000A7348 /* FspMeetingMsgViewCell.swift */,
				491D54B522714A5A000A7348 /* FspMeetingBtn.swift */,
				491D54B622714A5A000A7348 /* FspCollectionViewCell.swift */,
				491D54B722714A5A000A7348 /* FspMeetingVC.xib */,
				491D54B822714A5A000A7348 /* FspMeetingVC.swift */,
				491D54B922714A5A000A7348 /* FspMeetingMsgViewCell.xib */,
				49AA364A22FC1BA30014C42B /* attendeeList */,
				491D54BA22714A5A000A7348 /* mettingControlSetingCell */,
			);
			path = Meeting;
			sourceTree = "<group>";
		};
		491D54BA22714A5A000A7348 /* mettingControlSetingCell */ = {
			isa = PBXGroup;
			children = (
				491D54BB22714A5A000A7348 /* FspMeetingListControlCell.xib */,
				491D54BC22714A5A000A7348 /* FspMeetingControlBtn.swift */,
				491D54BD22714A5A000A7348 /* FspMeetingListControlCell.swift */,
			);
			path = mettingControlSetingCell;
			sourceTree = "<group>";
		};
		491D54CD22714A5A000A7348 /* model */ = {
			isa = PBXGroup;
			children = (
				491D54CE22714A5A000A7348 /* FspOnlineModel.swift */,
				49684E66228119C0001B8F15 /* FspMsgModel.swift */,
			);
			path = model;
			sourceTree = "<group>";
		};
		491D54D022714A5A000A7348 /* loginsetting */ = {
			isa = PBXGroup;
			children = (
				491D54D122714A5A000A7348 /* FspSettingsWindow.swift */,
				491D54D222714A5A000A7348 /* FspSettingsWindow.xib */,
			);
			path = loginsetting;
			sourceTree = "<group>";
		};
		491D54D422714A5A000A7348 /* online */ = {
			isa = PBXGroup;
			children = (
				491D54D522714A5A000A7348 /* FspOnlineWindow.xib */,
				491D54D622714A5A000A7348 /* FspRowView.swift */,
				491D54D722714A5A000A7348 /* FspOnlineWindow.swift */,
				491D54D822714A5A000A7348 /* onlineListTableCell.swift */,
				491D54D922714A5A000A7348 /* onlineListTableCell.xib */,
				491ABD03229B7C82002F440B /* FspInputTextField.swift */,
			);
			path = online;
			sourceTree = "<group>";
		};
		491D54DA22714A5A000A7348 /* login */ = {
			isa = PBXGroup;
			children = (
				491D54DB22714A5A000A7348 /* FspLoginWindow.xib */,
				491D54DC22714A5A000A7348 /* FspLoginWindow.swift */,
			);
			path = login;
			sourceTree = "<group>";
		};
		491D550A22714B58000A7348 /* Base.lproj */ = {
			isa = PBXGroup;
			children = (
				491D550B22714B58000A7348 /* checkbox_sel.png */,
				491D550D22714B58000A7348 /* MainMenu.xib */,
				491D550F22714B58000A7348 /* checkbox.png */,
			);
			path = Base.lproj;
			sourceTree = "<group>";
		};
		49AA364A22FC1BA30014C42B /* attendeeList */ = {
			isa = PBXGroup;
			children = (
				49AA364B22FC1BA30014C42B /* FspAttendeeModel.swift */,
			);
			path = attendeeList;
			sourceTree = "<group>";
		};
		847D59592085D29500C47074 = {
			isa = PBXGroup;
			children = (
				491D548C22714A5A000A7348 /* MeetingDemo */,
				847D59632085D29500C47074 /* Products */,
				847D59792085D41100C47074 /* Frameworks */,
			);
			sourceTree = "<group>";
		};
		847D59632085D29500C47074 /* Products */ = {
			isa = PBXGroup;
			children = (
				847D59622085D29500C47074 /* MeetingDemo.app */,
			);
			name = Products;
			sourceTree = "<group>";
		};
		847D59792085D41100C47074 /* Frameworks */ = {
			isa = PBXGroup;
			children = (
				84C733332304271900E5D7D2 /* FspKit.framework */,
				4953BA5322F96F9C0013AE85 /* ReactiveObjC.framework */,
				84FD677420AC2FE700548D04 /* libz.1.2.8.tbd */,
				84FD677220AC2FD600548D04 /* VideoDecodeAcceleration.framework */,
				847D59842085D46C00C47074 /* libstdc++.tbd */,
				847D59822085D46700C47074 /* libiconv.tbd */,
				847D59812085D46000C47074 /* AVFoundation.framework */,
				847D59802085D45B00C47074 /* AudioToolbox.framework */,
				847D597F2085D45100C47074 /* CoreAudio.framework */,
				847D597E2085D44900C47074 /* VideoToolbox.framework */,
				847D597C2085D43500C47074 /* CoreMedia.framework */,
			);
			name = Frameworks;
			sourceTree = "<group>";
		};
/* End PBXGroup section */

/* Begin PBXNativeTarget section */
		847D59612085D29500C47074 /* MeetingDemo */ = {
			isa = PBXNativeTarget;
			buildConfigurationList = 847D59732085D29500C47074 /* Build configuration list for PBXNativeTarget "MeetingDemo" */;
			buildPhases = (
				847D595E2085D29500C47074 /* Sources */,
				847D595F2085D29500C47074 /* Frameworks */,
				847D59602085D29500C47074 /* Resources */,
				84D7C1872216923300E4C06B /* CopyFiles */,
				84F2AD3220CA9C8200413058 /* CopyFiles */,
			);
			buildRules = (
			);
			dependencies = (
			);
			name = MeetingDemo;
			productName = MeetingDemo;
			productReference = 847D59622085D29500C47074 /* MeetingDemo.app */;
			productType = "com.apple.product-type.application";
		};
/* End PBXNativeTarget section */

/* Begin PBXProject section */
		847D595A2085D29500C47074 /* Project object */ = {
			isa = PBXProject;
			attributes = {
				LastUpgradeCheck = 0910;
				ORGANIZATIONNAME = hst;
				TargetAttributes = {
					847D59612085D29500C47074 = {
						CreatedOnToolsVersion = 9.1;
						ProvisioningStyle = Automatic;
						SystemCapabilities = {
							com.apple.NetworkExtensions = {
								enabled = 0;
							};
							com.apple.Push = {
								enabled = 0;
							};
							com.apple.Sandbox = {
								enabled = 0;
							};
						};
					};
				};
			};
			buildConfigurationList = 847D595D2085D29500C47074 /* Build configuration list for PBXProject "MeetingDemo" */;
			compatibilityVersion = "Xcode 8.0";
			developmentRegion = en;
			hasScannedForEncodings = 0;
			knownRegions = (
				en,
				Base,
			);
			mainGroup = 847D59592085D29500C47074;
			productRefGroup = 847D59632085D29500C47074 /* Products */;
			projectDirPath = "";
			projectRoot = "";
			targets = (
				847D59612085D29500C47074 /* MeetingDemo */,
			);
		};
/* End PBXProject section */

/* Begin PBXResourcesBuildPhase section */
		847D59602085D29500C47074 /* Resources */ = {
			isa = PBXResourcesBuildPhase;
			buildActionMask = 2147483647;
			files = (
				491D550222714A5A000A7348 /* FspOnlineWindow.xib in Resources */,
				491D54E622714A5A000A7348 /* FspSettingWindowController.xib in Resources */,
				491D550622714A5A000A7348 /* onlineListTableCell.xib in Resources */,
				491D54F622714A5A000A7348 /* FspMeetingMsgViewCell.xib in Resources */,
				491D550722714A5A000A7348 /* FspLoginWindow.xib in Resources */,
				491D551322714B58000A7348 /* checkbox.png in Resources */,
				491D551122714B58000A7348 /* checkbox_sel.png in Resources */,
				491D54F722714A5A000A7348 /* FspMeetingListControlCell.xib in Resources */,
				491D54F422714A5A000A7348 /* FspMeetingVC.xib in Resources */,
				491D550022714A5A000A7348 /* FspSettingsWindow.xib in Resources */,
				491D54F022714A5A000A7348 /* FspCollectionViewCell.xib in Resources */,
				491D54E822714A5A000A7348 /* Assets.xcassets in Resources */,
				491D54E422714A5A000A7348 /* FspCallingWindow.xib in Resources */,
				491D551222714B58000A7348 /* MainMenu.xib in Resources */,
			);
			runOnlyForDeploymentPostprocessing = 0;
		};
/* End PBXResourcesBuildPhase section */

/* Begin PBXSourcesBuildPhase section */
		847D595E2085D29500C47074 /* Sources */ = {
			isa = PBXSourcesBuildPhase;
			buildActionMask = 2147483647;
			files = (
				491D550122714A5A000A7348 /* AppDelegate.swift in Sources */,
				491D54F822714A5A000A7348 /* FspMeetingControlBtn.swift in Sources */,
				490ECA4E2297A524008442E4 /* FspEmojiTextAttachment.m in Sources */,
				490ECA3922979A33008442E4 /* FspInputMsgTextView.swift in Sources */,
				491D548922714A40000A7348 /* FspTextField.m in Sources */,
				491D54DF22714A5A000A7348 /* FspTokenFile.mm in Sources */,
				491D550322714A5A000A7348 /* FspRowView.swift in Sources */,
				491D550822714A5A000A7348 /* FspLoginWindow.swift in Sources */,
				49684E67228119C0001B8F15 /* FspMsgModel.swift in Sources */,
				491D550422714A5A000A7348 /* FspOnlineWindow.swift in Sources */,
				491D54FD22714A5A000A7348 /* FspOnlineModel.swift in Sources */,
				491D550522714A5A000A7348 /* onlineListTableCell.swift in Sources */,
				491D54F322714A5A000A7348 /* FspCollectionViewCell.swift in Sources */,
				491D54F222714A5A000A7348 /* FspMeetingBtn.swift in Sources */,
				491D54DE22714A5A000A7348 /* aes.cpp in Sources */,
				491D54F922714A5A000A7348 /* FspMeetingListControlCell.swift in Sources */,
				491D54E522714A5A000A7348 /* FspCallBtnCell.swift in Sources */,
				490ECA512297A52C008442E4 /* NSMutableAttributedString+FspImageAttributeStr.m in Sources */,
				49684ED22283F966001B8F15 /* FspTextView.m in Sources */,
				491D54E222714A5A000A7348 /* FspToolAlert.swift in Sources */,
				49AA364C22FC1BA30014C42B /* FspAttendeeModel.swift in Sources */,
				491ABD04229B7C82002F440B /* FspInputTextField.swift in Sources */,
				491D548B22714A40000A7348 /* GRProgressIndicator.m in Sources */,
				491D54E722714A5A000A7348 /* FspSettingWindowController.swift in Sources */,
				4955B61B227E85340027D926 /* ISSoundAdditions.m in Sources */,
				491D54FF22714A5A000A7348 /* FspSettingsWindow.swift in Sources */,
				491D5520227152A5000A7348 /* FMLoading.m in Sources */,
				491D54F522714A5A000A7348 /* FspMeetingVC.swift in Sources */,
				491D54F122714A5A000A7348 /* FspMeetingMsgViewCell.swift in Sources */,
				491D548A22714A40000A7348 /* FspStateButton.m in Sources */,
				491D54E322714A5A000A7348 /* FspCallingWindow.swift in Sources */,
				491D54E122714A5A000A7348 /* FspWindowVC.swift in Sources */,
				491D54E922714A5A000A7348 /* FspManager.swift in Sources */,
			);
			runOnlyForDeploymentPostprocessing = 0;
		};
/* End PBXSourcesBuildPhase section */

/* Begin PBXVariantGroup section */
		491D550B22714B58000A7348 /* checkbox_sel.png */ = {
			isa = PBXVariantGroup;
			children = (
				491D550C22714B58000A7348 /* Base */,
			);
			name = checkbox_sel.png;
			sourceTree = "<group>";
		};
		491D550D22714B58000A7348 /* MainMenu.xib */ = {
			isa = PBXVariantGroup;
			children = (
				491D550E22714B58000A7348 /* Base */,
			);
			name = MainMenu.xib;
			sourceTree = "<group>";
		};
		491D550F22714B58000A7348 /* checkbox.png */ = {
			isa = PBXVariantGroup;
			children = (
				491D551022714B58000A7348 /* Base */,
			);
			name = checkbox.png;
			sourceTree = "<group>";
		};
/* End PBXVariantGroup section */

/* Begin XCBuildConfiguration section */
		847D59712085D29500C47074 /* Debug */ = {
			isa = XCBuildConfiguration;
			buildSettings = {
				ALWAYS_EMBED_SWIFT_STANDARD_LIBRARIES = YES;
				ALWAYS_SEARCH_USER_PATHS = NO;
				CLANG_ANALYZER_NONNULL = YES;
				CLANG_ANALYZER_NUMBER_OBJECT_CONVERSION = YES_AGGRESSIVE;
				CLANG_CXX_LANGUAGE_STANDARD = "gnu++14";
				CLANG_CXX_LIBRARY = "libc++";
				CLANG_ENABLE_MODULES = YES;
				CLANG_ENABLE_OBJC_ARC = YES;
				CLANG_WARN_BLOCK_CAPTURE_AUTORELEASING = YES;
				CLANG_WARN_BOOL_CONVERSION = YES;
				CLANG_WARN_COMMA = YES;
				CLANG_WARN_CONSTANT_CONVERSION = YES;
				CLANG_WARN_DIRECT_OBJC_ISA_USAGE = YES_ERROR;
				CLANG_WARN_DOCUMENTATION_COMMENTS = YES;
				CLANG_WARN_EMPTY_BODY = YES;
				CLANG_WARN_ENUM_CONVERSION = YES;
				CLANG_WARN_INFINITE_RECURSION = YES;
				CLANG_WARN_INT_CONVERSION = YES;
				CLANG_WARN_NON_LITERAL_NULL_CONVERSION = YES;
				CLANG_WARN_OBJC_LITERAL_CONVERSION = YES;
				CLANG_WARN_OBJC_ROOT_CLASS = YES_ERROR;
				CLANG_WARN_RANGE_LOOP_ANALYSIS = YES;
				CLANG_WARN_STRICT_PROTOTYPES = YES;
				CLANG_WARN_SUSPICIOUS_MOVE = YES;
				CLANG_WARN_UNGUARDED_AVAILABILITY = YES_AGGRESSIVE;
				CLANG_WARN_UNREACHABLE_CODE = YES;
				CLANG_WARN__DUPLICATE_METHOD_MATCH = YES;
				CODE_SIGN_IDENTITY = "";
				COPY_PHASE_STRIP = NO;
				DEBUG_INFORMATION_FORMAT = "dwarf-with-dsym";
				ENABLE_STRICT_OBJC_MSGSEND = YES;
				ENABLE_TESTABILITY = YES;
				FRAMEWORK_SEARCH_PATHS = ../../output/mac;
				GCC_C_LANGUAGE_STANDARD = gnu11;
				GCC_DYNAMIC_NO_PIC = NO;
				GCC_NO_COMMON_BLOCKS = YES;
				GCC_OPTIMIZATION_LEVEL = 0;
				GCC_PREPROCESSOR_DEFINITIONS = "";
				GCC_WARN_64_TO_32_BIT_CONVERSION = YES;
				GCC_WARN_ABOUT_RETURN_TYPE = YES_ERROR;
				GCC_WARN_UNDECLARED_SELECTOR = YES;
				GCC_WARN_UNINITIALIZED_AUTOS = YES_AGGRESSIVE;
				GCC_WARN_UNUSED_FUNCTION = YES;
				GCC_WARN_UNUSED_VARIABLE = YES;
				LD_RUNPATH_SEARCH_PATHS = "$(inherited) @executable_path/Frameworks";
				MACOSX_DEPLOYMENT_TARGET = 10.13;
				MTL_ENABLE_DEBUG_INFO = YES;
				ONLY_ACTIVE_ARCH = YES;
				SDKROOT = macosx;
			};
			name = Debug;
		};
		847D59722085D29500C47074 /* Release */ = {
			isa = XCBuildConfiguration;
			buildSettings = {
				ALWAYS_EMBED_SWIFT_STANDARD_LIBRARIES = YES;
				ALWAYS_SEARCH_USER_PATHS = NO;
				CLANG_ANALYZER_NONNULL = YES;
				CLANG_ANALYZER_NUMBER_OBJECT_CONVERSION = YES_AGGRESSIVE;
				CLANG_CXX_LANGUAGE_STANDARD = "gnu++14";
				CLANG_CXX_LIBRARY = "libc++";
				CLANG_ENABLE_MODULES = YES;
				CLANG_ENABLE_OBJC_ARC = YES;
				CLANG_WARN_BLOCK_CAPTURE_AUTORELEASING = YES;
				CLANG_WARN_BOOL_CONVERSION = YES;
				CLANG_WARN_COMMA = YES;
				CLANG_WARN_CONSTANT_CONVERSION = YES;
				CLANG_WARN_DIRECT_OBJC_ISA_USAGE = YES_ERROR;
				CLANG_WARN_DOCUMENTATION_COMMENTS = YES;
				CLANG_WARN_EMPTY_BODY = YES;
				CLANG_WARN_ENUM_CONVERSION = YES;
				CLANG_WARN_INFINITE_RECURSION = YES;
				CLANG_WARN_INT_CONVERSION = YES;
				CLANG_WARN_NON_LITERAL_NULL_CONVERSION = YES;
				CLANG_WARN_OBJC_LITERAL_CONVERSION = YES;
				CLANG_WARN_OBJC_ROOT_CLASS = YES_ERROR;
				CLANG_WARN_RANGE_LOOP_ANALYSIS = YES;
				CLANG_WARN_STRICT_PROTOTYPES = YES;
				CLANG_WARN_SUSPICIOUS_MOVE = YES;
				CLANG_WARN_UNGUARDED_AVAILABILITY = YES_AGGRESSIVE;
				CLANG_WARN_UNREACHABLE_CODE = YES;
				CLANG_WARN__DUPLICATE_METHOD_MATCH = YES;
				CODE_SIGN_IDENTITY = "";
				COPY_PHASE_STRIP = NO;
				DEBUG_INFORMATION_FORMAT = dwarf;
				ENABLE_NS_ASSERTIONS = NO;
				ENABLE_STRICT_OBJC_MSGSEND = YES;
				FRAMEWORK_SEARCH_PATHS = ../../output/mac;
				GCC_C_LANGUAGE_STANDARD = gnu11;
				GCC_NO_COMMON_BLOCKS = YES;
				GCC_PREPROCESSOR_DEFINITIONS = "";
				GCC_WARN_64_TO_32_BIT_CONVERSION = YES;
				GCC_WARN_ABOUT_RETURN_TYPE = YES_ERROR;
				GCC_WARN_UNDECLARED_SELECTOR = YES;
				GCC_WARN_UNINITIALIZED_AUTOS = YES_AGGRESSIVE;
				GCC_WARN_UNUSED_FUNCTION = YES;
				GCC_WARN_UNUSED_VARIABLE = YES;
				LD_RUNPATH_SEARCH_PATHS = "$(inherited) @executable_path/Frameworks";
				MACOSX_DEPLOYMENT_TARGET = 10.13;
				MTL_ENABLE_DEBUG_INFO = NO;
				SDKROOT = macosx;
			};
			name = Release;
		};
		847D59742085D29500C47074 /* Debug */ = {
			isa = XCBuildConfiguration;
			buildSettings = {
				ASSETCATALOG_COMPILER_APPICON_NAME = AppIcon;
				CODE_SIGN_STYLE = Automatic;
				COMBINE_HIDPI_IMAGES = YES;
				DEVELOPMENT_TEAM = 3Q45W4GD72;
				FRAMEWORK_SEARCH_PATHS = (
					"$(inherited)",
					"$(PROJECT_DIR)/MeetingDemo",
					"$(PROJECT_DIR)/MeetingDemo/Carthage/Build/Mac",
					"$(PROJECT_DIR)",
				);
				GCC_PRECOMPILE_PREFIX_HEADER = NO;
				GCC_PREFIX_HEADER = "";
				INFOPLIST_FILE = MeetingDemo/Info.plist;
				LD_RUNPATH_SEARCH_PATHS = "$(inherited) @executable_path/../Frameworks";
				PRODUCT_BUNDLE_IDENTIFIER = hst.MeetingDemo;
				PRODUCT_NAME = "$(TARGET_NAME)";
				SWIFT_OBJC_BRIDGING_HEADER = "MeetingDemo/MeetingDemo-Bridging-Header.h";
				SWIFT_PRECOMPILE_BRIDGING_HEADER = YES;
				SWIFT_VERSION = 4.2;
			};
			name = Debug;
		};
		847D59752085D29500C47074 /* Release */ = {
			isa = XCBuildConfiguration;
			buildSettings = {
				ASSETCATALOG_COMPILER_APPICON_NAME = AppIcon;
				CODE_SIGN_STYLE = Automatic;
				COMBINE_HIDPI_IMAGES = YES;
				DEVELOPMENT_TEAM = 3Q45W4GD72;
				FRAMEWORK_SEARCH_PATHS = (
					"$(inherited)",
					"$(PROJECT_DIR)/MeetingDemo",
					"$(PROJECT_DIR)/MeetingDemo/Carthage/Build/Mac",
					"$(PROJECT_DIR)",
				);
				GCC_PRECOMPILE_PREFIX_HEADER = NO;
				GCC_PREFIX_HEADER = "";
				INFOPLIST_FILE = MeetingDemo/Info.plist;
				LD_RUNPATH_SEARCH_PATHS = "$(inherited) @executable_path/../Frameworks";
				PRODUCT_BUNDLE_IDENTIFIER = hst.MeetingDemo;
				PRODUCT_NAME = "$(TARGET_NAME)";
				SWIFT_OBJC_BRIDGING_HEADER = "MeetingDemo/MeetingDemo-Bridging-Header.h";
				SWIFT_PRECOMPILE_BRIDGING_HEADER = YES;
				SWIFT_VERSION = 4.2;
			};
			name = Release;
		};
/* End XCBuildConfiguration section */

/* Begin XCConfigurationList section */
		847D595D2085D29500C47074 /* Build configuration list for PBXProject "MeetingDemo" */ = {
			isa = XCConfigurationList;
			buildConfigurations = (
				847D59712085D29500C47074 /* Debug */,
				847D59722085D29500C47074 /* Release */,
			);
			defaultConfigurationIsVisible = 0;
			defaultConfigurationName = Release;
		};
		847D59732085D29500C47074 /* Build configuration list for PBXNativeTarget "MeetingDemo" */ = {
			isa = XCConfigurationList;
			buildConfigurations = (
				847D59742085D29500C47074 /* Debug */,
				847D59752085D29500C47074 /* Release */,
			);
			defaultConfigurationIsVisible = 0;
			defaultConfigurationName = Release;
		};
/* End XCConfigurationList section */
	};
	rootObject = 847D595A2085D29500C47074 /* Project object */;
}
